
Microsoft Visual Studio Solution File, Format Version 12.00
# Visual Studio Version 17
VisualStudioVersion = 17.9.34728.123
MinimumVisualStudioVersion = 10.0.40219.1
Project("{FAE04EC0-301F-11D3-BF4B-00C04F79EFBC}") = "VTMonitoringCrossroads", "VTMonitoringCrossroads\VTMonitoringCrossroads.csproj", "{F091C2DD-82C1-4B8B-B8B4-D6E63FD93497}"
EndProject
Global
	GlobalSection(SolutionConfigurationPlatforms) = preSolution
		Debug|Any CPU = Debug|Any CPU
		Release|Any CPU = Release|Any CPU
	EndGlobalSection
	GlobalSection(ProjectConfigurationPlatforms) = postSolution
		{F091C2DD-82C1-4B8B-B8B4-D6E63FD93497}.Debug|Any CPU.ActiveCfg = Debug|Any CPU
		{F091C2DD-82C1-4B8B-B8B4-D6E63FD93497}.Debug|Any CPU.Build.0 = Debug|Any CPU
		{F091C2DD-82C1-4B8B-B8B4-D6E63FD93497}.Release|Any CPU.ActiveCfg = Release|Any CPU
		{F091C2DD-82C1-4B8B-B8B4-D6E63FD93497}.Release|Any CPU.Build.0 = Release|Any CPU
	EndGlobalSection
	GlobalSection(SolutionProperties) = preSolution
		HideSolutionNode = FALSE
	EndGlobalSection
	GlobalSection(ExtensibilityGlobals) = postSolution
		SolutionGuid = {CBD8482B-EF25-430A-B1D3-34A5A2F452C6}
	EndGlobalSection
EndGlobal
